
Microsoft Visual Studio Solution File, Format Version 12.00
# Visual Studio Version 16
VisualStudioVersion = 16.0.30804.86
MinimumVisualStudioVersion = 10.0.40219.1
Project("{9A19103F-16F7-4668-BE54-9A1E7A4F7556}") = "DataAccess", "DataAccess\DataAccess.csproj", "{A42C7718-D855-4603-A281-869FE4965464}"
EndProject
Project("{9A19103F-16F7-4668-BE54-9A1E7A4F7556}") = "Business", "Business\Business.csproj", "{EC5B29A3-2352-466C-AF48-C6197994A3FC}"
EndProject
Project("{9A19103F-16F7-4668-BE54-9A1E7A4F7556}") = "Entities", "Entities\Entities.csproj", "{886BE718-4F4D-4C66-BCA0-33955F2544F1}"
EndProject
Project("{9A19103F-16F7-4668-BE54-9A1E7A4F7556}") = "ConsoleUI", "ConsoleUI\ConsoleUI.csproj", "{CFFC1F77-A2ED-44EA-9BD1-1058921CE6FC}"
EndProject
Project("{9A19103F-16F7-4668-BE54-9A1E7A4F7556}") = "Core", "Core\Core.csproj", "{A1477280-3C73-407D-B418-AC5C0174CD32}"
EndProject
Project("{FAE04EC0-301F-11D3-BF4B-00C04F79EFBC}") = "WebAPI", "WebAPI\WebAPI.csproj", "{65B1F417-00F0-43CE-BD21-471022146118}"
EndProject
Global
	GlobalSection(SolutionConfigurationPlatforms) = preSolution
		Debug|Any CPU = Debug|Any CPU
		Release|Any CPU = Release|Any CPU
	EndGlobalSection
	GlobalSection(ProjectConfigurationPlatforms) = postSolution
		{A42C7718-D855-4603-A281-869FE4965464}.Debug|Any CPU.ActiveCfg = Debug|Any CPU
		{A42C7718-D855-4603-A281-869FE4965464}.Debug|Any CPU.Build.0 = Debug|Any CPU
		{A42C7718-D855-4603-A281-869FE4965464}.Release|Any CPU.ActiveCfg = Release|Any CPU
		{A42C7718-D855-4603-A281-869FE4965464}.Release|Any CPU.Build.0 = Release|Any CPU
		{EC5B29A3-2352-466C-AF48-C6197994A3FC}.Debug|Any CPU.ActiveCfg = Debug|Any CPU
		{EC5B29A3-2352-466C-AF48-C6197994A3FC}.Debug|Any CPU.Build.0 = Debug|Any CPU
		{EC5B29A3-2352-466C-AF48-C6197994A3FC}.Release|Any CPU.ActiveCfg = Release|Any CPU
		{EC5B29A3-2352-466C-AF48-C6197994A3FC}.Release|Any CPU.Build.0 = Release|Any CPU
		{886BE718-4F4D-4C66-BCA0-33955F2544F1}.Debug|Any CPU.ActiveCfg = Debug|Any CPU
		{886BE718-4F4D-4C66-BCA0-33955F2544F1}.Debug|Any CPU.Build.0 = Debug|Any CPU
		{886BE718-4F4D-4C66-BCA0-33955F2544F1}.Release|Any CPU.ActiveCfg = Release|Any CPU
		{886BE718-4F4D-4C66-BCA0-33955F2544F1}.Release|Any CPU.Build.0 = Release|Any CPU
		{CFFC1F77-A2ED-44EA-9BD1-1058921CE6FC}.Debug|Any CPU.ActiveCfg = Debug|Any CPU
		{CFFC1F77-A2ED-44EA-9BD1-1058921CE6FC}.Debug|Any CPU.Build.0 = Debug|Any CPU
		{CFFC1F77-A2ED-44EA-9BD1-1058921CE6FC}.Release|Any CPU.ActiveCfg = Release|Any CPU
		{CFFC1F77-A2ED-44EA-9BD1-1058921CE6FC}.Release|Any CPU.Build.0 = Release|Any CPU
		{A1477280-3C73-407D-B418-AC5C0174CD32}.Debug|Any CPU.ActiveCfg = Debug|Any CPU
		{A1477280-3C73-407D-B418-AC5C0174CD32}.Debug|Any CPU.Build.0 = Debug|Any CPU
		{A1477280-3C73-407D-B418-AC5C0174CD32}.Release|Any CPU.ActiveCfg = Release|Any CPU
		{A1477280-3C73-407D-B418-AC5C0174CD32}.Release|Any CPU.Build.0 = Release|Any CPU
		{65B1F417-00F0-43CE-BD21-471022146118}.Debug|Any CPU.ActiveCfg = Debug|Any CPU
		{65B1F417-00F0-43CE-BD21-471022146118}.Debug|Any CPU.Build.0 = Debug|Any CPU
		{65B1F417-00F0-43CE-BD21-471022146118}.Release|Any CPU.ActiveCfg = Release|Any CPU
		{65B1F417-00F0-43CE-BD21-471022146118}.Release|Any CPU.Build.0 = Release|Any CPU
	EndGlobalSection
	GlobalSection(SolutionProperties) = preSolution
		HideSolutionNode = FALSE
	EndGlobalSection
	GlobalSection(ExtensibilityGlobals) = postSolution
		SolutionGuid = {734F6596-5A23-405C-8159-6CB9F8613F83}
	EndGlobalSection
EndGlobal
